<?xml version="1.0" encoding="utf-8"?>
<Project ToolsVersion="4.0" xmlns="http://schemas.microsoft.com/developer/msbuild/2003">
  <ItemGroup>
    <Filter Include="Header Files">
      <UniqueIdentifier>{93995380-89BD-4b04-88EB-625FBE52EBFB}</UniqueIdentifier>
      <Extensions>h;hh;hpp;hxx;h++;hm;inl;inc;ipp;xsd</Extensions>
    </Filter>
    <Filter Include="Resource Files">
      <UniqueIdentifier>{67DA6AB6-F800-4c08-8B7A-83BB121AAD01}</UniqueIdentifier>
      <Extensions>rc;ico;cur;bmp;dlg;rc2;rct;bin;rgs;gif;jpg;jpeg;jpe;resx;tiff;tif;png;wav;mfcribbon-ms</Extensions>
    </Filter>
    <Filter Include="Shaders">
      <UniqueIdentifier>{b50f5f99-cc99-4462-9c25-9b4abd0da78c}</UniqueIdentifier>
    </Filter>
    <Filter Include="include">
      <UniqueIdentifier>{4461e0cf-3879-48a1-96be-8f7aa9c692c2}</UniqueIdentifier>
    </Filter>
    <Filter Include="include\Physics">
      <UniqueIdentifier>{fe8d2b42-4363-41a1-958d-5d755d363c5b}</UniqueIdentifier>
    </Filter>
    <Filter Include="include\input">
      <UniqueIdentifier>{c8cbcfbb-d50b-4549-8a8b-47c649df5c7f}</UniqueIdentifier>
    </Filter>
    <Filter Include="include\Graphics">
      <UniqueIdentifier>{bfa06688-b62f-4c4d-886a-16a5cfd38a14}</UniqueIdentifier>
    </Filter>
    <Filter Include="include\Graphics\load">
      <UniqueIdentifier>{21ac0135-9db5-48ae-9d4e-e83dc74016f4}</UniqueIdentifier>
    </Filter>
    <Filter Include="include\Graphics\Shaders">
      <UniqueIdentifier>{f202eab0-66bb-4d87-9100-556df0f2c959}</UniqueIdentifier>
    </Filter>
    <Filter Include="Source Files">
      <UniqueIdentifier>{4cf0d91c-e39c-4ae9-8050-8e08eb40bfad}</UniqueIdentifier>
    </Filter>
    <Filter Include="include\Objects">
      <UniqueIdentifier>{71b4b325-e3be-4971-ae47-c6acfe9a2cb4}</UniqueIdentifier>
    </Filter>
    <Filter Include="Config">
      <UniqueIdentifier>{e3eb6bb1-7926-493d-b16b-1d1ad77bb511}</UniqueIdentifier>
    </Filter>
  </ItemGroup>
  <ItemGroup>
    <None Include="..\Assets\shaders\LitShader.frag">
      <Filter>Shaders</Filter>
    </None>
    <None Include="..\Assets\shaders\LitShader.vert">
      <Filter>Shaders</Filter>
    </None>
    <None Include="..\Assets\shaders\SimpleShader.frag">
      <Filter>Shaders</Filter>
    </None>
    <None Include="..\Assets\shaders\SimpleShader.vert">
      <Filter>Shaders</Filter>
    </None>
  </ItemGroup>
  <ItemGroup>
    <ClCompile Include="cParticle.cpp">
      <Filter>include\Physics</Filter>
    </ClCompile>
    <ClCompile Include="cParticleContact.cpp">
      <Filter>include\Physics</Filter>
    </ClCompile>
    <ClCompile Include="cParticleContactResolver.cpp">
      <Filter>include\Physics</Filter>
    </ClCompile>
    <ClCompile Include="cParticleForceRegistry.cpp">
      <Filter>include\Physics</Filter>
    </ClCompile>
    <ClCompile Include="cParticleWorld.cpp">
      <Filter>include\Physics</Filter>
    </ClCompile>
    <ClCompile Include="particle_contact_generators.cpp">
      <Filter>include\Physics</Filter>
    </ClCompile>
    <ClCompile Include="particle_force_generators.cpp">
      <Filter>include\Physics</Filter>
    </ClCompile>
    <ClCompile Include="input\cInputManager.cpp">
      <Filter>include\input</Filter>
    </ClCompile>
    <ClCompile Include="input\cKey.cpp">
      <Filter>include\input</Filter>
    </ClCompile>
    <ClCompile Include="input\input.cpp">
      <Filter>include\input</Filter>
    </ClCompile>
    <ClCompile Include="graphics\c3rdPersonCamera.cpp">
      <Filter>include\Graphics</Filter>
    </ClCompile>
    <ClCompile Include="graphics\cBuffer.cpp">
      <Filter>include\Graphics</Filter>
    </ClCompile>
    <ClCompile Include="graphics\cCamera.cpp">
      <Filter>include\Graphics</Filter>
    </ClCompile>
    <ClCompile Include="graphics\cGraphicsComponent.cpp">
      <Filter>include\Graphics</Filter>
    </ClCompile>
    <ClCompile Include="graphics\cMesh.cpp">
      <Filter>include\Graphics</Filter>
    </ClCompile>
    <ClCompile Include="graphics\cMeshManager.cpp">
      <Filter>include\Graphics</Filter>
    </ClCompile>
    <ClCompile Include="graphics\cTexture.cpp">
      <Filter>include\Graphics</Filter>
    </ClCompile>
    <ClCompile Include="graphics\cTextureManager.cpp">
      <Filter>include\Graphics</Filter>
    </ClCompile>
    <ClCompile Include="graphics\cVertex.cpp">
      <Filter>include\Graphics</Filter>
    </ClCompile>
    <ClCompile Include="graphics\graphics.cpp">
      <Filter>include\Graphics</Filter>
    </ClCompile>
    <ClCompile Include="graphics\fileLoader\cImageFile.cpp">
      <Filter>include\Graphics\load</Filter>
    </ClCompile>
    <ClCompile Include="graphics\fileLoader\LoadCubeMapFromFiles.cpp">
      <Filter>include\Graphics\load</Filter>
    </ClCompile>
    <ClCompile Include="graphics\fileLoader\LoadSingleMeshFromFile.cpp">
      <Filter>include\Graphics\load</Filter>
    </ClCompile>
    <ClCompile Include="graphics\fileLoader\LoadTextureFromFile.cpp">
      <Filter>include\Graphics\load</Filter>
    </ClCompile>
    <ClCompile Include="graphics\shaderbits\cLitShader.cpp">
      <Filter>include\Graphics\Shaders</Filter>
    </ClCompile>
    <ClCompile Include="graphics\shaderbits\cSimpleShader.cpp">
      <Filter>include\Graphics\Shaders</Filter>
    </ClCompile>
    <ClCompile Include="graphics\shaderbits\LoadShader.cpp">
      <Filter>include\Graphics\Shaders</Filter>
    </ClCompile>
    <ClCompile Include="Main.cpp">
      <Filter>Source Files</Filter>
    </ClCompile>
    <ClCompile Include="cParticleConstraint.cpp">
      <Filter>include\Physics</Filter>
    </ClCompile>
    <ClCompile Include="cParticleRodConstraint.cpp">
      <Filter>include\Physics</Filter>
    </ClCompile>
    <ClCompile Include="cBoxObject.cpp">
      <Filter>include\Objects</Filter>
    </ClCompile>
    <ClCompile Include="globalSetup.cpp">
      <Filter>Source Files</Filter>
    </ClCompile>
    <ClCompile Include="cConfigReader.cpp">
      <Filter>Config</Filter>
    </ClCompile>
    <ClCompile Include="cBridgeObject.cpp">
      <Filter>include\Objects</Filter>
    </ClCompile>
    <ClCompile Include="cBallonObject.cpp">
      <Filter>include\Objects</Filter>
    </ClCompile>
  </ItemGroup>
  <ItemGroup>
    <ClInclude Include="cParticle.h">
      <Filter>include\Physics</Filter>
    </ClInclude>
    <ClInclude Include="cParticleContact.h">
      <Filter>include\Physics</Filter>
    </ClInclude>
    <ClInclude Include="cParticleContactResolver.h">
      <Filter>include\Physics</Filter>
    </ClInclude>
    <ClInclude Include="cParticleForceRegistry.h">
      <Filter>include\Physics</Filter>
    </ClInclude>
    <ClInclude Include="cParticleWorld.h">
      <Filter>include\Physics</Filter>
    </ClInclude>
    <ClInclude Include="iParticleContactGenerator.h">
      <Filter>include\Physics</Filter>
    </ClInclude>
    <ClInclude Include="iParticleForceGenerator.h">
      <Filter>include\Physics</Filter>
    </ClInclude>
    <ClInclude Include="particle_contact_generators.h">
      <Filter>include\Physics</Filter>
    </ClInclude>
    <ClInclude Include="particle_force_generators.h">
      <Filter>include\Physics</Filter>
    </ClInclude>
    <ClInclude Include="input\cInputManager.h">
      <Filter>include\input</Filter>
    </ClInclude>
    <ClInclude Include="input\cKey.h">
      <Filter>include\input</Filter>
    </ClInclude>
    <ClInclude Include="input\input.h">
      <Filter>include\input</Filter>
    </ClInclude>
    <ClInclude Include="input\input_keys.h">
      <Filter>include\input</Filter>
    </ClInclude>
    <ClInclude Include="graphics\c3rdPersonCamera.h">
      <Filter>include\Graphics</Filter>
    </ClInclude>
    <ClInclude Include="graphics\cBuffer.h">
      <Filter>include\Graphics</Filter>
    </ClInclude>
    <ClInclude Include="graphics\cCamera.h">
      <Filter>include\Graphics</Filter>
    </ClInclude>
    <ClInclude Include="graphics\cGraphicsComponent.h">
      <Filter>include\Graphics</Filter>
    </ClInclude>
    <ClInclude Include="graphics\cMesh.h">
      <Filter>include\Graphics</Filter>
    </ClInclude>
    <ClInclude Include="graphics\cMeshManager.h">
      <Filter>include\Graphics</Filter>
    </ClInclude>
    <ClInclude Include="graphics\cTexture.h">
      <Filter>include\Graphics</Filter>
    </ClInclude>
    <ClInclude Include="graphics\cTextureManager.h">
      <Filter>include\Graphics</Filter>
    </ClInclude>
    <ClInclude Include="graphics\cVertex.h">
      <Filter>include\Graphics</Filter>
    </ClInclude>
    <ClInclude Include="graphics\graphics.h">
      <Filter>include\Graphics</Filter>
    </ClInclude>
    <ClInclude Include="graphics\iCamera.h">
      <Filter>include\Graphics</Filter>
    </ClInclude>
    <ClInclude Include="graphics\sBufferIds.h">
      <Filter>include\Graphics</Filter>
    </ClInclude>
    <ClInclude Include="graphics\sTextureLoadingInfo.h">
      <Filter>include\Graphics</Filter>
    </ClInclude>
    <ClInclude Include="graphics\fileLoader\Assimp.h">
      <Filter>include\Graphics\load</Filter>
    </ClInclude>
    <ClInclude Include="graphics\fileLoader\cImageFile.h">
      <Filter>include\Graphics\load</Filter>
    </ClInclude>
    <ClInclude Include="graphics\fileLoader\LoadCubeMapFromFiles.h">
      <Filter>include\Graphics\load</Filter>
    </ClInclude>
    <ClInclude Include="graphics\fileLoader\LoadSingleMeshFromFile.h">
      <Filter>include\Graphics\load</Filter>
    </ClInclude>
    <ClInclude Include="graphics\fileLoader\LoadTextureFromFile.h">
      <Filter>include\Graphics\load</Filter>
    </ClInclude>
    <ClInclude Include="graphics\fileLoader\sMeshLoadingInfo.h">
      <Filter>include\Graphics\load</Filter>
    </ClInclude>
    <ClInclude Include="graphics\shaderbits\cLitShader.h">
      <Filter>include\Graphics\Shaders</Filter>
    </ClInclude>
    <ClInclude Include="graphics\shaderbits\cSimpleShader.h">
      <Filter>include\Graphics\Shaders</Filter>
    </ClInclude>
    <ClInclude Include="graphics\shaderbits\LoadShader.h">
      <Filter>include\Graphics\Shaders</Filter>
    </ClInclude>
    <ClInclude Include="graphics\shaderbits\shader_vars.h">
      <Filter>include\Graphics\Shaders</Filter>
    </ClInclude>
    <ClInclude Include="external_includes.h">
      <Filter>Header Files</Filter>
    </ClInclude>
    <ClInclude Include="cParticleConstraint.h">
      <Filter>include\Physics</Filter>
    </ClInclude>
    <ClInclude Include="cParticleRodConstraint.h">
      <Filter>include\Physics</Filter>
    </ClInclude>
    <ClInclude Include="cObject.h">
      <Filter>include\Objects</Filter>
    </ClInclude>
    <ClInclude Include="cBoxObject.h">
      <Filter>include\Objects</Filter>
    </ClInclude>
    <ClInclude Include="globalSetup.h">
      <Filter>Header Files</Filter>
    </ClInclude>
    <ClInclude Include="cConfigReader.h">
      <Filter>Config</Filter>
    </ClInclude>
    <ClInclude Include="cBridgeObject.h">
      <Filter>include\Objects</Filter>
    </ClInclude>
    <ClInclude Include="cBallonObject.h">
      <Filter>include\Objects</Filter>
    </ClInclude>
  </ItemGroup>
  <ItemGroup>
    <Xml Include="config.xml">
      <Filter>Config</Filter>
    </Xml>
  </ItemGroup>
</Project>